
Microsoft Visual Studio Solution File, Format Version 11.00
# Visual Studio 2010
Project("{FAE04EC0-301F-11D3-BF4B-00C04F79EFBC}") = "Assembly-CSharp", "Assembly-CSharp.csproj", "{848763ce-b938-e984-7b66-30622ca669c6}"
EndProject
Project("{FAE04EC0-301F-11D3-BF4B-00C04F79EFBC}") = "RotaryHeart", "RotaryHeart.csproj", "{aac38f3d-be0d-2aab-ceae-392647e17953}"
EndProject
Project("{FAE04EC0-301F-11D3-BF4B-00C04F79EFBC}") = "Assembly-CSharp-Editor", "Assembly-CSharp-Editor.csproj", "{01c70df5-b33b-1083-8905-753f149f9a1d}"
EndProject
Global
	GlobalSection(SolutionConfigurationPlatforms) = preSolution
		Debug|Any CPU = Debug|Any CPU
	EndGlobalSection
	GlobalSection(ProjectConfigurationPlatforms) = postSolution
		{848763ce-b938-e984-7b66-30622ca669c6}.Debug|Any CPU.ActiveCfg = Debug|Any CPU
		{848763ce-b938-e984-7b66-30622ca669c6}.Debug|Any CPU.Build.0 = Debug|Any CPU
		{aac38f3d-be0d-2aab-ceae-392647e17953}.Debug|Any CPU.ActiveCfg = Debug|Any CPU
		{aac38f3d-be0d-2aab-ceae-392647e17953}.Debug|Any CPU.Build.0 = Debug|Any CPU
		{01c70df5-b33b-1083-8905-753f149f9a1d}.Debug|Any CPU.ActiveCfg = Debug|Any CPU
		{01c70df5-b33b-1083-8905-753f149f9a1d}.Debug|Any CPU.Build.0 = Debug|Any CPU
	EndGlobalSection
	GlobalSection(SolutionProperties) = preSolution
		HideSolutionNode = FALSE
	EndGlobalSection
EndGlobal
